{
  "name": "wechselmodell-monitor",
  "version": "1.0.0",
  "lockfileVersion": 3,
  "requires": true,
  "packages": {
    "": {
      "name": "wechselmodell-monitor",
      "version": "1.0.0",
      "dependencies": {
        "axios": "^1.7.7",
        "jsdom": "^25.0.1"
      },
      "engines": {
        "node": ">=20"
      }
    },
    "node_modules/axios": {
      "version": "1.7.7",
      "resolved": "https://registry.npmjs.org/axios/-/axios-1.7.7.tgz",
      "integrity": "sha512-S4kL7XrjgBmvdGut0sN3yJxqYzrDOnivkBiN0OFs6hLiUam3UPvswUo0kqGyhqUZGEOytHyumEdXsAkgCOUf3Q==",
      "dependencies": {
        "follow-redirects": "^1.15.6",
        "form-data": "^4.0.0",
        "proxy-from-env": "^1.1.0"
      }
    },
    "node_modules/follow-redirects": {
      "version": "1.15.9",
      "resolved": "https://registry.npmjs.org/follow-redirects/-/follow-redirects-1.15.9.tgz",
      "integrity": "sha512-gew4GsXizNgdoRyqmyfMHyVqqB+k9Vsgd+Rpb9hi2VDKE0W4xrW4lnbTwsJxsgLRMqLaDutExQqow==="
    },
    "node_modules/form-data": {
      "version": "4.0.1",
      "resolved": "https://registry.npmjs.org/form-data/-/form-data-4.0.1.tgz",
      "integrity": "sha512-tYOQbOBFjC2yZIWw5jPf3xBJd2eXgfc7CHvW3jVyIHBVLqNbbeqNK9P0/rqIVBd1A==",
      "dependencies": {
        "asynckit": "^0.4.0",
        "combined-stream": "^1.0.8",
        "mime-types": "^2.1.12"
      },
      "engines": {
        "node": ">= 6"
      }
    },
    "node_modules/asynckit": {
      "version": "0.4.0",
      "resolved": "https://registry.npmjs.org/asynckit/-/asynckit-0.4.0.tgz",
      "integrity": "sha512-Oei9OH4tRh0YqU3GxhX79dM/mwVgvbZJaSNaRk+bshkj0S5cfHcgYakreBjrHwatXKbz+IoIdYLxrKim2eQ=="
    },
    "node_modules/combined-stream": {
      "version": "1.0.8",
      "resolved": "https://registry.npmjs.org/combined-stream/-/combined-stream-1.0.8.tgz",
      "integrity": "sha512-FQN4MRfuJeHf7cBbBMJFXhKSDq+2kAArBlmRBvcvFE5BB1HZKXtSFASDhdlz9zOYwxh8lDdnvmMOe/+5pBapbzL0GFP8yA==",
      "dependencies": {
        "delayed-stream": "~1.0.0"
      },
      "engines": {
        "node": ">= 0.8"
      }
    },
    "node_modules/delayed-stream": {
      "version": "1.0.0",
      "resolved": "https://registry.npmjs.org/delayed-stream/-/delayed-stream-1.0.0.tgz",
      "integrity": "sha512-ZySD7Nf91aLB0RxL4KGrKHBXl7Eds1DAmEdcoVawXnLD7SDhpNgtuII2aAkg7a7QS41jxPSZ17p4VdGnMHk3MQ==",
      "engines": {
        "node": ">=0.4.0"
      }
    },
    "node_modules/mime-db": {
      "version": "1.52.0",
      "resolved": "https://registry.npmjs.org/mime-db/-/mime-db-1.52.0.tgz",
      "integrity": "sha512-sPU4uV7dYlvtWJxwwxHD0PuihVNiE7TyAbQ5SWxDCB9mUYvOgroQOwYQQOKPJ8CIbE+1ETVlOoK1UC2nU3gYvg==",
      "engines": {
        "node": ">= 0.6"
      }
    },
    "node_modules/mime-types": {
      "version": "2.1.35",
      "resolved": "https://registry.npmjs.org/mime-types/-/mime-types-2.1.35.tgz",
      "integrity": "sha512-ZDY+bPm5zTTF+YpCrAU9nK0UgICYPT0QtT1NZWFv4s++TNkcgVaT0g6+4R2uI4MjQjzysHB1zxuWL50hzaeXiw==",
      "dependencies": {
        "mime-db": "1.52.0"
      },
      "engines": {
        "node": ">= 0.6"
      }
    },
    "node_modules/proxy-from-env": {
      "version": "1.1.0",
      "resolved": "https://registry.npmjs.org/proxy-from-env/-/proxy-from-env-1.1.0.tgz",
      "integrity": "sha512-D+zkORCbA9f1tdWRK0RaCR3GPv50cMxcrz4X8k5LTSUD1Dkw47mKJEZQNunItRTkWwgtaUSo1RVFRig9g=="
    },
    "node_modules/jsdom": {
      "version": "25.0.1",
      "resolved": "https://registry.npmjs.org/jsdom/-/jsdom-25.0.1.tgz",
      "integrity": "sha512-8i9iNjB6qc1iT1Z3p+n2yg4pF4QX9pJTP46ZwtU/L9mT7Na8txW8iY1sWz3x0W1yI0ZdFG6yvm0Qd4MdniLQ==",
      "dependencies": {
        "cssstyle": "^4.1.0",
        "data-urls": "^5.0.0",
        "decimal.js": "^10.4.3",
        "form-data": "^4.0.0",
        "html-encoding-sniffer": "^4.0.0",
        "http-proxy-agent": "^7.0.2",
        "https-proxy-agent": "^7.0.5",
        "is-potential-custom-element-name": "^1.0.1",
        "nwsapi": "^2.2.12",
        "parse5": "^7.1.2",
        "rrweb-cssom": "^0.7.1",
        "saxes": "^6.0.0",
        "symbol-tree": "^3.2.4",
        "tough-cookie": "^5.0.0",
        "w3c-xmlserializer": "^5.0.0",
        "webidl-conversions": "^7.0.0",
        "whatwg-encoding": "^3.1.1",
        "whatwg-mimetype": "^4.0.0",
        "whatwg-url": "^14.0.0",
        "ws": "^8.18.0",
        "xml-name-validator": "^5.0.0"
      },
      "engines": {
        "node": ">=18"
      }
    }
  }
}
