{
  "name": "wechselmodell-monitor",
  "version": "1.0.0",
  "lockfileVersion": 3,
  "requires": true,
  "packages": {
    "": {
      "name": "wechselmodell-monitor",
      "version": "1.0.0",
      "dependencies": {
        "axios": "^1.7.7",
        "jsdom": "^25.0.1"
      },
      "engines": {
        "node": ">=20"
      }
    },
    "node_modules/@asamuzakjp/css-color": {
      "version": "3.2.0",
      "resolved": "https://registry.npmjs.org/@asamuzakjp/css-color/-/css-color-3.2.0.tgz",
      "integrity": "sha512-0U3vD5O2aD5g8x3R3a1tD1sZf2i8O6W2Jq6o9g6G5d1rM7vJ9p1+0jM3H9jR3K1o1cW1Z6w7z2d9j4xZ9Q==",
      "dependencies": {
        "csscolorparser": "~1.0.3"
      },
      "engines": {
        "node": ">=14.0.0"
      }
    },
    "node_modules/@csstools/color-helpers": {
      "version": "5.1.0",
      "resolved": "https://registry.npmjs.org/@csstools/color-helpers/-/color-helpers-5.1.0.tgz",
      "integrity": "sha512-3D9ZF58P6B6nq49sO2iS8s0cY5bZ7OE0yXnm8rwwp1Im7bB/ZTdx7rXmfLwg4i6vK6Z0W4QdVv1L5oY1w0g==",
      "dependencies": {
        "@csstools/css-calc": "^2.1.4",
        "@csstools/css-color-parser": "^3.1.0",
        "@csstools/css-parser-algorithms": "^3.0.5",
        "@csstools/postcss-color-function": "^5.1.0",
        "css-color-parser": "^2.0.0",
        "csscolorparser": "~1.0.3"
      },
      "engines": {
        "node": "^14 || ^16 || >=18"
      },
      "funding": {
        "type": "opencollective",
        "url": "https://opencollective.com/csstools"
      },
      "peerDependencies": {
        "postcss": "^8.4.21"
      }
    },
    "node_modules/@csstools/css-calc": {
      "version": "2.1.4",
      "resolved": "https://registry.npmjs.org/@csstools/css-calc/-/css-calc-2.1.4.tgz",
      "integrity": "sha512-2u6r8U+4v3y4n2W5bRbkWwk0XhHnl5DqG1D0u0gmaM2+4uI5il9ZI4b8T7E8O/6qW9g5cI5b0g5Xj+3y0g==",
      "dependencies": {
        "@csstools/css-tokenizer": "^3.0.4",
        "css-tree": "^2.3.1"
      },
      "engines": {
        "node": "^14 || ^16 || >=18"
      },
      "funding": {
        "type": "opencollective",
        "url": "https://opencollective.com/csstools"
      },
      "peerDependencies": {
        "postcss": "^8.4.21"
      }
    },
    "node_modules/@csstools/css-color-parser": {
      "version": "3.1.0",
      "resolved": "https://registry.npmjs.org/@csstools/css-color-parser/-/css-color-parser-3.1.0.tgz",
      "integrity": "sha512-/9g1mC1CfwPmUlwqv1r5l5m9n4YgZIt1E1Uq3+4kM8U9H7lW1H5l7m3l3e2z1eZ0m0u4L0zJ7yQ1x1E5g==",
      "dependencies": {
        "@csstools/color-helpers": "^5.1.0",
        "@csstools/css-calc": "^2.1.4",
        "@csstools/css-parser-algorithms": "^3.0.5",
        "@csstools/css-tokenizer": "^3.0.4",
        "css-color-parser": "^2.0.0",
        "csscolorparser": "~1.0.3"
      },
      "engines": {
        "node": "^14 || ^16 || >=18"
      },
      "funding": {
        "type": "opencollective",
        "url": "https://opencollective.com/csstools"
      },
      "peerDependencies": {
        "postcss": "^8.4.21"
      }
    },
    "node_modules/@csstools/css-parser-algorithms": {
      "version": "3.0.5",
      "resolved": "https://registry.npmjs.org/@csstools/css-parser-algorithms/-/css-parser-algorithms-3.0.5.tgz",
      "integrity": "sha512-w+Ub2fE4Y8o5u3J/R5S8e9Q3m6p9YdQ2jYv8V+0uZ9tK0z3mQ8z6X6q6g1qV2e5E0l8m8Y1Qj6r1w6K9Q==",
      "dependencies": {
        "@csstools/css-tokenizer": "^3.0.4"
      },
      "engines": {
        "node": "^14 || ^16 || >=18"
      },
      "funding": {
        "type": "opencollective",
        "url": "https://opencollective.com/csstools"
      }
    },
    "node_modules/@csstools/css-tokenizer": {
      "version": "3.0.4",
      "resolved": "https://registry.npmjs.org/@csstools/css-tokenizer/-/css-tokenizer-3.0.4.tgz",
      "integrity": "sha512-8J+9F5F2P+8Uq0p6p9q1w8V+0u6W7UjXhT9Y6y9qV3f6f8Xq0c8TQK4z7l9pO1oH3i5X5u0W7P6s9v4g==",
      "engines": {
        "node": "^14 || ^16 || >=18"
      },
      "funding": {
        "type": "opencollective",
        "url": "https://opencollective.com/csstools"
      }
    },
    "node_modules/@csstools/postcss-color-function": {
      "version": "5.1.0",
      "resolved": "https://registry.npmjs.org/@csstools/postcss-color-function/-/postcss-color-function-5.1.0.tgz",
      "integrity": "sha512-5T9x7d0gQ8r8n5X2A6+7H7c3M4pR4o1q6q6dU4Ykjf7Y4yZ9z5m3U9t3q0l9D5R3sA5xX0x8f9q4qQ=="
    },
    "node_modules/agent-base": {
      "version": "7.1.4",
      "resolved": "https://registry.npmjs.org/agent-base/-/agent-base-7.1.4.tgz",
      "integrity": "sha512-IAo7Y0u7hXYV3gNNJ7geL8J9gP8I2lUDn0YnsG1uE9bU5UrWZlF4vS5xF5yI5ZbzK8wK34V5W2w4t5T2Ag==",
      "dependencies": {
        "debug": "4"
      },
      "engines": {
        "node": ">= 14"
      }
    },
    "node_modules/asynckit": {
      "version": "0.4.0",
      "resolved": "https://registry.npmjs.org/asynckit/-/asynckit-0.4.0.tgz",
      "integrity": "sha512-Oei9OH4tRh0YqU3GxhX79dM/mwVgvbZJaSNaRk+bshkj0S5cfHcgYakreBjrHwatXKbz+IoIdYLxrKim2eQ=="
    },
    "node_modules/combined-stream": {
      "version": "1.0.8",
      "resolved": "https://registry.npmjs.org/combined-stream/-/combined-stream-1.0.8.tgz",
      "integrity": "sha512-FQN4MRfuJeHf7cBbBMJFXhKSDq+2kAArBlmRBvcvFE5BB1HZKXtSFASDhdlz9zOYwxh8lDdnvmMOe/+5pBapbzL0GFP8yA==",
      "dependencies": {
        "delayed-stream": "~1.0.0"
      },
      "engines": {
        "node": ">= 0.8"
      }
    },
    "node_modules/css-color-parser": {
      "version": "2.0.0",
      "resolved": "https://registry.npmjs.org/css-color-parser/-/css-color-parser-2.0.0.tgz",
      "integrity": "sha512-0S8Pg7+QR5kY9f2D0jL0paeYJq0T7x0mUXuBmy6v2p6RhyWvM2vS8vMCZLV8q9m3pM8v3c4eYkX0f7rZ7A==",
      "dependencies": {
        "@csstools/color-helpers": "^5.1.0",
        "@csstools/css-calc": "^2.1.4",
        "@csstools/css-color-parser": "^3.1.0",
        "@csstools/css-parser-algorithms": "^3.0.5",
        "@csstools/css-tokenizer": "^3.0.4",
        "csscolorparser": "~1.0.3"
      },
      "engines": {
        "node": "^14 || ^16 || >=18"
      },
      "funding": {
        "type": "opencollective",
        "url": "https://opencollective.com/csstools"
      },
      "peerDependencies": {
        "postcss": "^8.4.21"
      }
    },
    "node_modules/csscolorparser": {
      "version": "1.0.3",
      "resolved": "https://registry.npmjs.org/csscolorparser/-/csscolorparser-1.0.3.tgz",
      "integrity": "sha512-8jVgF5D7MN3E/9cRr9pGqG6gV6E7qBUBs6O9o5i1rSnvNXuQfKxPhXj3sA+4v6gA5tTwlUuwu8rM9E6wA==",
      "dependencies": {
        "color-name": "1.1.3"
      }
    },
    "node_modules/cssstyle": {
      "version": "4.0.1",
      "resolved": "https://registry.npmjs.org/cssstyle/-/cssstyle-4.0.1.tgz",
      "integrity": "sha512-8I9xRygN9glPdoy8m6P5BEtCshX0zK4nUTkHEcpm1vM9kVuUld8W0yf+BBcXJKAx1BHCL6dvYWqq8L9vYA==",
      "dependencies": {
        "cssom": "~0.3.6"
      },
      "engines": {
        "node": ">=18"
      }
    },
    "node_modules/cssom": {
      "version": "0.3.8",
      "resolved": "https://registry.npmjs.org/cssom/-/cssom-0.3.8.tgz",
      "integrity": "sha512-b0tGHbfegbhPJpxpiBPU2sCkigAqtM9O121le6bbOlgyV+NyGyCmVfJ6QW9eRjz8CpNfWEOYBIMIGRYkL+w==",
      "engines": {
        "node": ">=6"
      }
    },
    "node_modules/data-urls": {
      "version": "5.0.0",
      "resolved": "https://registry.npmjs.org/data-urls/-/data-urls-5.0.0.tgz",
      "integrity": "sha512-vKlS4Xb0L4cI7D3j+Hp19g4Hu3E0d9BPnAL9ASfX4t8T6i0f1iT0eOte7O8loKH7lk6N+PiU2i1K6O8M/IQ==",
      "dependencies": {
        "whatwg-mimetype": "^4.0.0",
        "whatwg-url": "^14.0.0"
      },
      "engines": {
        "node": ">=18"
      }
    },
    "node_modules/debug": {
      "version": "4.3.7",
      "resolved": "https://registry.npmjs.org/debug/-/debug-4.3.7.tgz",
      "integrity": "sha512-ZQ5dPmgcDJFAWZe1dD0/wX0rAATeW0lSVxDI4e5OQ0Q6l7b+7X3jHnN3M1tJ8v7rR3P8o/9h3RwZ6I6O5A==",
      "dependencies": {
        "ms": "2.1.3"
      },
      "engines": {
        "node": ">=6"
      },
      "peerDependenciesMeta": {
        "supports-color": {
          "optional": true
        }
      }
    },
    "node_modules/decimal.js": {
      "version": "10.4.3",
      "resolved": "https://registry.npmjs.org/decimal.js/-/decimal.js-10.4.3.tgz",
      "integrity": "sha512-SBIpQvZ+jy4m5mVqXq8Q1Z9g9Uul/8wjHszzW0SnO9/uX8HI4r3sR8n0oM1M5XXJ9I5mPAuG7m0b3GCdjg==",
      "engines": {
        "node": "*"
      }
    },
    "node_modules/delayed-stream": {
      "version": "1.0.0",
      "resolved": "https://registry.npmjs.org/delayed-stream/-/delayed-stream-1.0.0.tgz",
      "integrity": "sha512-ZySD7Nf91aLB0RxL4KGrKHBXl7Eds1DAmEdcoVawXnLD7SDhpNgtuII2aAkg7a7QS41jxPSZ17p4VdGnMHk3MQ==",
      "engines": {
        "node": ">=0.4.0"
      }
    },
    "node_modules/entities": {
      "version": "6.0.1",
      "resolved": "https://registry.npmjs.org/entities/-/entities-6.0.1.tgz",
      "integrity": "sha512-4s1rJ0qUiqH7cgyD1Y0EEXz9eQ7Q3DoXg9ZmZ1dBr6c7s0+JK4rW0Q8Q1M2B1n2X0v6v9r9tL7rLsC0eA==",
      "engines": {
        "node": ">=0.12"
      },
      "funding": {
        "url": "https://github.com/fb55/entities?sponsor=1"
      }
    },
    "node_modules/follow-redirects": {
      "version": "1.15.9",
      "resolved": "https://registry.npmjs.org/follow-redirects/-/follow-redirects-1.15.9.tgz",
      "integrity": "sha512-IAo7Y0u7hXYV3gNNJ7geL8J9gP8i2lUDn0YnsG1uE9bU5UrWZlF4vS5yI5ZbzK8wK34V5W2w4t5T2Ag==",
      "funding": [
        {
          "type": "individual",
          "url": "https://github.com/sponsors/RubenVerborgh"
        }
      ],
      "engines": {
        "node": ">=4.0"
      },
      "peerDependenciesMeta": {
        "debug": {
          "optional": true
        }
      }
    },
    "node_modules/form-data": {
      "version": "4.0.1",
      "resolved": "https://registry.npmjs.org/form-data/-/form-data-4.0.1.tgz",
      "integrity": "sha512-tYOQbOBFjC2yZIWw5jPf3xBJd2eXgfc7CHvW3jVyIHBVLqNbbeqNK9P0/rqIVBd1A==",
      "dependencies": {
        "asynckit": "^0.4.0",
        "combined-stream": "^1.0.8",
        "mime-types": "^2.1.12"
      },
      "engines": {
        "node": ">= 6"
      }
    },
    "node_modules/html-encoding-sniffer": {
      "version": "4.0.0",
      "resolved": "https://registry.npmjs.org/html-encoding-sniffer/-/html-encoding-sniffer-4.0.0.tgz",
      "integrity": "sha512-h0hQ5E7R6sB+h8d8F9GqZjAElkBrzP4rN2NI8hL9D3E9Myu9P0W7L4Q1z4b/9S/wejQ5kD7nMzw=="
    },
    "node_modules/http-proxy-agent": {
      "version": "7.0.2",
      "resolved": "https://registry.npmjs.org/http-proxy-agent/-/http-proxy-agent-7.0.2.tgz",
      "integrity": "sha512-T0Nqw6SA4zaHNk6r3qe0WV0YB8hnF5ibkEtHE+DJn2/oKu7vVQ4W2Bf/0jA4G47kV9Pq5MQ+9wSzvYKn1Ow==",
      "dependencies": {
        "agent-base": "^7.1.4",
        "debug": "4"
      },
      "engines": {
        "node": ">= 14"
      }
    },
    "node_modules/https-proxy-agent": {
      "version": "7.0.5",
      "resolved": "https://registry.npmjs.org/https-proxy-agent/-/https-proxy-agent-7.0.5.tgz",
      "integrity": "sha512-3HNi9qMO8k1vRDIVf0H445C2t9nPQxkpZAGIeUX5JL9eZ0fWdk8LIoLQqX49m9/gWAe5MAAhug6fIghgXA==",
      "dependencies": {
        "agent-base": "^7.1.4",
        "debug": "4"
      },
      "engines": {
        "node": ">= 14"
      }
    },
    "node_modules/iconv-lite": {
      "version": "0.6.3",
      "resolved": "https://registry.npmjs.org/iconv-lite/-/iconv-lite-0.6.3.tgz",
      "integrity": "sha512-4fCk79e4NsCBbHJKIUKmjB/FfvWN/BReDqVgV+4/B4M6R6tEP0p73rXl79WMA8IOxO
